
Microsoft Visual Studio Solution File, Format Version 12.00
# Visual Studio Version 17
VisualStudioVersion = 17.0.31903.59
MinimumVisualStudioVersion = 10.0.40219.1
Project("{2150E333-8FDC-42A3-9474-1A3956D46DE8}") = "src", "src", "{AA92EECE-26BD-4E82-9486-61314923DD91}"
EndProject
Project("{FAE04EC0-301F-11D3-BF4B-00C04F79EFBC}") = "Assistant.Core", "src\Assistant.Core\Assistant.Core.csproj", "{7D7E162C-9712-44BB-80D3-946B7C144352}"
EndProject
Project("{FAE04EC0-301F-11D3-BF4B-00C04F79EFBC}") = "Assistant.ModelHost", "src\Assistant.ModelHost\Assistant.ModelHost.csproj", "{76CB2898-3555-44C7-84FC-B073FBE12957}"
EndProject
Project("{FAE04EC0-301F-11D3-BF4B-00C04F79EFBC}") = "Assistant.Search", "src\Assistant.Search\Assistant.Search.csproj", "{D863661B-CE3D-4FA6-8A44-93E4EEC80F61}"
EndProject
Project("{FAE04EC0-301F-11D3-BF4B-00C04F79EFBC}") = "Assistant.Documents", "src\Assistant.Documents\Assistant.Documents.csproj", "{68D7E907-E841-41E4-8AE3-856C371D9B29}"
EndProject
Project("{FAE04EC0-301F-11D3-BF4B-00C04F79EFBC}") = "Assistant.Tools", "src\Assistant.Tools\Assistant.Tools.csproj", "{8C65CDD7-C1B6-49CC-B4E4-46ECA7A94767}"
EndProject
Project("{FAE04EC0-301F-11D3-BF4B-00C04F79EFBC}") = "Assistant.Windows", "src\Assistant.Windows\Assistant.Windows.csproj", "{C34C0645-A5B9-446C-A638-A407F6E859B8}"
EndProject
Project("{FAE04EC0-301F-11D3-BF4B-00C04F79EFBC}") = "Assistant.Data", "src\Assistant.Data\Assistant.Data.csproj", "{49821AB2-A906-4F24-BCD9-C0B574E1C6FB}"
EndProject
Project("{FAE04EC0-301F-11D3-BF4B-00C04F79EFBC}") = "Assistant.UI", "src\Assistant.UI\Assistant.UI.csproj", "{2E830069-C4C7-487D-A047-5DB1CC9D03EF}"
EndProject
Project("{FAE04EC0-301F-11D3-BF4B-00C04F79EFBC}") = "Assistant.ExplorerExtension", "src\Assistant.ExplorerExtension\Assistant.ExplorerExtension.csproj", "{D9A6E8DA-01B1-4DA2-B441-6EBEF90D9062}"
EndProject
Project("{FAE04EC0-301F-11D3-BF4B-00C04F79EFBC}") = "Assistant.BrowserBridge", "src\Assistant.BrowserBridge\Assistant.BrowserBridge.csproj", "{C5B35C27-DD25-4628-BDB3-E6A6D14EA27C}"
EndProject
Project("{2150E333-8FDC-42A3-9474-1A3956D46DE8}") = "tests", "tests", "{19B54AF8-BCE0-4143-8AC7-E4DD20A4B27A}"
EndProject
Project("{FAE04EC0-301F-11D3-BF4B-00C04F79EFBC}") = "Assistant.UI.Tests", "tests\Assistant.UI.Tests\Assistant.UI.Tests.csproj", "{DEE469CD-4F03-4780-946F-81C5770EB1C4}"
EndProject
Project("{FAE04EC0-301F-11D3-BF4B-00C04F79EFBC}") = "Assistant.Windows.Tests", "tests\Assistant.Windows.Tests\Assistant.Windows.Tests.csproj", "{DCF7815C-B85C-4DD2-9686-43B94C0C7E5D}"
EndProject
Project("{FAE04EC0-301F-11D3-BF4B-00C04F79EFBC}") = "Assistant.ModelHost.Tests", "tests\Assistant.ModelHost.Tests\Assistant.ModelHost.Tests.csproj", "{54462076-0907-4EA6-8601-1AB3225BE653}"
EndProject
Project("{FAE04EC0-301F-11D3-BF4B-00C04F79EFBC}") = "Assistant.ModelHost.FakeEngine", "tests\Assistant.ModelHost.FakeEngine\Assistant.ModelHost.FakeEngine.csproj", "{F83C77AB-C45C-4C74-BF9B-86282CA8AC22}"
EndProject
Project("{FAE04EC0-301F-11D3-BF4B-00C04F79EFBC}") = "Assistant.Core.Tests", "tests\Assistant.Core.Tests\Assistant.Core.Tests.csproj", "{1F8C049D-5ABE-46B9-9AA6-9D489025200F}"
EndProject
Project("{FAE04EC0-301F-11D3-BF4B-00C04F79EFBC}") = "Assistant.Data.Tests", "tests\Assistant.Data.Tests\Assistant.Data.Tests.csproj", "{42432C86-7DF3-423B-A3C9-DEAD760AD398}"
EndProject
Project("{FAE04EC0-301F-11D3-BF4B-00C04F79EFBC}") = "Assistant.Search.Tests", "tests\Assistant.Search.Tests\Assistant.Search.Tests.csproj", "{D096C6F2-CB0A-41C3-AF9E-0A1872E5B399}"
EndProject
Project("{FAE04EC0-301F-11D3-BF4B-00C04F79EFBC}") = "Assistant.Documents.Tests", "tests\Assistant.Documents.Tests\Assistant.Documents.Tests.csproj", "{E8D95AE5-B28B-4034-8A50-8584BBAB77BF}"
EndProject
Project("{FAE04EC0-301F-11D3-BF4B-00C04F79EFBC}") = "Assistant.ExplorerExtension.Tests", "tests\Assistant.ExplorerExtension.Tests\Assistant.ExplorerExtension.Tests.csproj", "{DD7FC07E-AEAD-4320-8609-382CA1FD2F45}"
EndProject
Project("{FAE04EC0-301F-11D3-BF4B-00C04F79EFBC}") = "Assistant.Tools.Tests", "tests\Assistant.Tools.Tests\Assistant.Tools.Tests.csproj", "{3DAA957A-CA55-404E-ABCD-E75A8D17A308}"
EndProject
Project("{FAE04EC0-301F-11D3-BF4B-00C04F79EFBC}") = "Assistant.BrowserBridge.Tests", "tests\Assistant.BrowserBridge.Tests\Assistant.BrowserBridge.Tests.csproj", "{5453D1F4-3B4C-47FA-9F4E-C998391274DB}"
EndProject
Project("{FAE04EC0-301F-11D3-BF4B-00C04F79EFBC}") = "Assistant.Tools.FakeMcpServer", "tests\Assistant.Tools.FakeMcpServer\Assistant.Tools.FakeMcpServer.csproj", "{784299B8-CC6C-4108-A04F-0AAC7FE3AF12}"
EndProject
Project("{2150E333-8FDC-42A3-9474-1A3956D46DE8}") = "samples", "samples", "{366A8125-9712-4495-8969-F348965D823D}"
EndProject
Project("{FAE04EC0-301F-11D3-BF4B-00C04F79EFBC}") = "Assistant.SampleMcpServer", "samples\Assistant.SampleMcpServer\Assistant.SampleMcpServer.csproj", "{42C1C32C-A309-48A3-A75C-49C0B52BC361}"
EndProject
Project("{FAE04EC0-301F-11D3-BF4B-00C04F79EFBC}") = "Assistant.Voice", "src\Assistant.Voice\Assistant.Voice.csproj", "{5CEBFAFE-34A4-47FD-AB21-E5E9894C2602}"
EndProject
Project("{FAE04EC0-301F-11D3-BF4B-00C04F79EFBC}") = "Assistant.Voice.Tests", "tests\Assistant.Voice.Tests\Assistant.Voice.Tests.csproj", "{34E43781-9E53-4E06-ACA5-CEBD33BDC638}"
EndProject
Project("{FAE04EC0-301F-11D3-BF4B-00C04F79EFBC}") = "Assistant.SmokeTests", "tests\Assistant.SmokeTests\Assistant.SmokeTests.csproj", "{12329693-3EDD-4536-A9D5-502FEEAB6943}"
EndProject
Project("{FAE04EC0-301F-11D3-BF4B-00C04F79EFBC}") = "Assistant.MicrosoftTodo", "src\Assistant.MicrosoftTodo\Assistant.MicrosoftTodo.csproj", "{504E6C6A-201B-469C-8EAC-3B2E149E8D29}"
EndProject
Project("{FAE04EC0-301F-11D3-BF4B-00C04F79EFBC}") = "Assistant.VoiceHost", "src\Assistant.VoiceHost\Assistant.VoiceHost.csproj", "{5ACE2A01-E470-4937-A8BF-FA9C23D1E9DF}"
EndProject
Global
	GlobalSection(SolutionConfigurationPlatforms) = preSolution
		Debug|Any CPU = Debug|Any CPU
		Release|Any CPU = Release|Any CPU
	EndGlobalSection
	GlobalSection(SolutionProperties) = preSolution
		HideSolutionNode = FALSE
	EndGlobalSection
	GlobalSection(ProjectConfigurationPlatforms) = postSolution
		{7D7E162C-9712-44BB-80D3-946B7C144352}.Debug|Any CPU.ActiveCfg = Debug|Any CPU
		{7D7E162C-9712-44BB-80D3-946B7C144352}.Debug|Any CPU.Build.0 = Debug|Any CPU
		{7D7E162C-9712-44BB-80D3-946B7C144352}.Release|Any CPU.ActiveCfg = Release|Any CPU
		{7D7E162C-9712-44BB-80D3-946B7C144352}.Release|Any CPU.Build.0 = Release|Any CPU
		{76CB2898-3555-44C7-84FC-B073FBE12957}.Debug|Any CPU.ActiveCfg = Debug|Any CPU
		{76CB2898-3555-44C7-84FC-B073FBE12957}.Debug|Any CPU.Build.0 = Debug|Any CPU
		{76CB2898-3555-44C7-84FC-B073FBE12957}.Release|Any CPU.ActiveCfg = Release|Any CPU
		{76CB2898-3555-44C7-84FC-B073FBE12957}.Release|Any CPU.Build.0 = Release|Any CPU
		{D863661B-CE3D-4FA6-8A44-93E4EEC80F61}.Debug|Any CPU.ActiveCfg = Debug|Any CPU
		{D863661B-CE3D-4FA6-8A44-93E4EEC80F61}.Debug|Any CPU.Build.0 = Debug|Any CPU
		{D863661B-CE3D-4FA6-8A44-93E4EEC80F61}.Release|Any CPU.ActiveCfg = Release|Any CPU
		{D863661B-CE3D-4FA6-8A44-93E4EEC80F61}.Release|Any CPU.Build.0 = Release|Any CPU
		{68D7E907-E841-41E4-8AE3-856C371D9B29}.Debug|Any CPU.ActiveCfg = Debug|Any CPU
		{68D7E907-E841-41E4-8AE3-856C371D9B29}.Debug|Any CPU.Build.0 = Debug|Any CPU
		{68D7E907-E841-41E4-8AE3-856C371D9B29}.Release|Any CPU.ActiveCfg = Release|Any CPU
		{68D7E907-E841-41E4-8AE3-856C371D9B29}.Release|Any CPU.Build.0 = Release|Any CPU
		{8C65CDD7-C1B6-49CC-B4E4-46ECA7A94767}.Debug|Any CPU.ActiveCfg = Debug|Any CPU
		{8C65CDD7-C1B6-49CC-B4E4-46ECA7A94767}.Debug|Any CPU.Build.0 = Debug|Any CPU
		{8C65CDD7-C1B6-49CC-B4E4-46ECA7A94767}.Release|Any CPU.ActiveCfg = Release|Any CPU
		{8C65CDD7-C1B6-49CC-B4E4-46ECA7A94767}.Release|Any CPU.Build.0 = Release|Any CPU
		{C34C0645-A5B9-446C-A638-A407F6E859B8}.Debug|Any CPU.ActiveCfg = Debug|Any CPU
		{C34C0645-A5B9-446C-A638-A407F6E859B8}.Debug|Any CPU.Build.0 = Debug|Any CPU
		{C34C0645-A5B9-446C-A638-A407F6E859B8}.Release|Any CPU.ActiveCfg = Release|Any CPU
		{C34C0645-A5B9-446C-A638-A407F6E859B8}.Release|Any CPU.Build.0 = Release|Any CPU
		{49821AB2-A906-4F24-BCD9-C0B574E1C6FB}.Debug|Any CPU.ActiveCfg = Debug|Any CPU
		{49821AB2-A906-4F24-BCD9-C0B574E1C6FB}.Debug|Any CPU.Build.0 = Debug|Any CPU
		{49821AB2-A906-4F24-BCD9-C0B574E1C6FB}.Release|Any CPU.ActiveCfg = Release|Any CPU
		{49821AB2-A906-4F24-BCD9-C0B574E1C6FB}.Release|Any CPU.Build.0 = Release|Any CPU
		{2E830069-C4C7-487D-A047-5DB1CC9D03EF}.Debug|Any CPU.ActiveCfg = Debug|Any CPU
		{2E830069-C4C7-487D-A047-5DB1CC9D03EF}.Debug|Any CPU.Build.0 = Debug|Any CPU
		{2E830069-C4C7-487D-A047-5DB1CC9D03EF}.Release|Any CPU.ActiveCfg = Release|Any CPU
		{2E830069-C4C7-487D-A047-5DB1CC9D03EF}.Release|Any CPU.Build.0 = Release|Any CPU
		{D9A6E8DA-01B1-4DA2-B441-6EBEF90D9062}.Debug|Any CPU.ActiveCfg = Debug|Any CPU
		{D9A6E8DA-01B1-4DA2-B441-6EBEF90D9062}.Debug|Any CPU.Build.0 = Debug|Any CPU
		{D9A6E8DA-01B1-4DA2-B441-6EBEF90D9062}.Release|Any CPU.ActiveCfg = Release|Any CPU
		{D9A6E8DA-01B1-4DA2-B441-6EBEF90D9062}.Release|Any CPU.Build.0 = Release|Any CPU
		{C5B35C27-DD25-4628-BDB3-E6A6D14EA27C}.Debug|Any CPU.ActiveCfg = Debug|Any CPU
		{C5B35C27-DD25-4628-BDB3-E6A6D14EA27C}.Debug|Any CPU.Build.0 = Debug|Any CPU
		{C5B35C27-DD25-4628-BDB3-E6A6D14EA27C}.Release|Any CPU.ActiveCfg = Release|Any CPU
		{C5B35C27-DD25-4628-BDB3-E6A6D14EA27C}.Release|Any CPU.Build.0 = Release|Any CPU
		{DEE469CD-4F03-4780-946F-81C5770EB1C4}.Debug|Any CPU.ActiveCfg = Debug|Any CPU
		{DEE469CD-4F03-4780-946F-81C5770EB1C4}.Debug|Any CPU.Build.0 = Debug|Any CPU
		{DEE469CD-4F03-4780-946F-81C5770EB1C4}.Release|Any CPU.ActiveCfg = Release|Any CPU
		{DEE469CD-4F03-4780-946F-81C5770EB1C4}.Release|Any CPU.Build.0 = Release|Any CPU
		{DCF7815C-B85C-4DD2-9686-43B94C0C7E5D}.Debug|Any CPU.ActiveCfg = Debug|Any CPU
		{DCF7815C-B85C-4DD2-9686-43B94C0C7E5D}.Debug|Any CPU.Build.0 = Debug|Any CPU
		{DCF7815C-B85C-4DD2-9686-43B94C0C7E5D}.Release|Any CPU.ActiveCfg = Release|Any CPU
		{DCF7815C-B85C-4DD2-9686-43B94C0C7E5D}.Release|Any CPU.Build.0 = Release|Any CPU
		{54462076-0907-4EA6-8601-1AB3225BE653}.Debug|Any CPU.ActiveCfg = Debug|Any CPU
		{54462076-0907-4EA6-8601-1AB3225BE653}.Debug|Any CPU.Build.0 = Debug|Any CPU
		{54462076-0907-4EA6-8601-1AB3225BE653}.Release|Any CPU.ActiveCfg = Release|Any CPU
		{54462076-0907-4EA6-8601-1AB3225BE653}.Release|Any CPU.Build.0 = Release|Any CPU
		{F83C77AB-C45C-4C74-BF9B-86282CA8AC22}.Debug|Any CPU.ActiveCfg = Debug|Any CPU
		{F83C77AB-C45C-4C74-BF9B-86282CA8AC22}.Debug|Any CPU.Build.0 = Debug|Any CPU
		{F83C77AB-C45C-4C74-BF9B-86282CA8AC22}.Release|Any CPU.ActiveCfg = Release|Any CPU
		{F83C77AB-C45C-4C74-BF9B-86282CA8AC22}.Release|Any CPU.Build.0 = Release|Any CPU
		{1F8C049D-5ABE-46B9-9AA6-9D489025200F}.Debug|Any CPU.ActiveCfg = Debug|Any CPU
		{1F8C049D-5ABE-46B9-9AA6-9D489025200F}.Debug|Any CPU.Build.0 = Debug|Any CPU
		{1F8C049D-5ABE-46B9-9AA6-9D489025200F}.Release|Any CPU.ActiveCfg = Release|Any CPU
		{1F8C049D-5ABE-46B9-9AA6-9D489025200F}.Release|Any CPU.Build.0 = Release|Any CPU
		{42432C86-7DF3-423B-A3C9-DEAD760AD398}.Debug|Any CPU.ActiveCfg = Debug|Any CPU
		{42432C86-7DF3-423B-A3C9-DEAD760AD398}.Debug|Any CPU.Build.0 = Debug|Any CPU
		{42432C86-7DF3-423B-A3C9-DEAD760AD398}.Release|Any CPU.ActiveCfg = Release|Any CPU
		{42432C86-7DF3-423B-A3C9-DEAD760AD398}.Release|Any CPU.Build.0 = Release|Any CPU
		{D096C6F2-CB0A-41C3-AF9E-0A1872E5B399}.Debug|Any CPU.ActiveCfg = Debug|Any CPU
		{D096C6F2-CB0A-41C3-AF9E-0A1872E5B399}.Debug|Any CPU.Build.0 = Debug|Any CPU
		{D096C6F2-CB0A-41C3-AF9E-0A1872E5B399}.Release|Any CPU.ActiveCfg = Release|Any CPU
		{D096C6F2-CB0A-41C3-AF9E-0A1872E5B399}.Release|Any CPU.Build.0 = Release|Any CPU
		{E8D95AE5-B28B-4034-8A50-8584BBAB77BF}.Debug|Any CPU.ActiveCfg = Debug|Any CPU
		{E8D95AE5-B28B-4034-8A50-8584BBAB77BF}.Debug|Any CPU.Build.0 = Debug|Any CPU
		{E8D95AE5-B28B-4034-8A50-8584BBAB77BF}.Release|Any CPU.ActiveCfg = Release|Any CPU
		{E8D95AE5-B28B-4034-8A50-8584BBAB77BF}.Release|Any CPU.Build.0 = Release|Any CPU
		{DD7FC07E-AEAD-4320-8609-382CA1FD2F45}.Debug|Any CPU.ActiveCfg = Debug|Any CPU
		{DD7FC07E-AEAD-4320-8609-382CA1FD2F45}.Debug|Any CPU.Build.0 = Debug|Any CPU
		{DD7FC07E-AEAD-4320-8609-382CA1FD2F45}.Release|Any CPU.ActiveCfg = Release|Any CPU
		{DD7FC07E-AEAD-4320-8609-382CA1FD2F45}.Release|Any CPU.Build.0 = Release|Any CPU
		{3DAA957A-CA55-404E-ABCD-E75A8D17A308}.Debug|Any CPU.ActiveCfg = Debug|Any CPU
		{3DAA957A-CA55-404E-ABCD-E75A8D17A308}.Debug|Any CPU.Build.0 = Debug|Any CPU
		{3DAA957A-CA55-404E-ABCD-E75A8D17A308}.Release|Any CPU.ActiveCfg = Release|Any CPU
		{3DAA957A-CA55-404E-ABCD-E75A8D17A308}.Release|Any CPU.Build.0 = Release|Any CPU
		{5453D1F4-3B4C-47FA-9F4E-C998391274DB}.Debug|Any CPU.ActiveCfg = Debug|Any CPU
		{5453D1F4-3B4C-47FA-9F4E-C998391274DB}.Debug|Any CPU.Build.0 = Debug|Any CPU
		{5453D1F4-3B4C-47FA-9F4E-C998391274DB}.Release|Any CPU.ActiveCfg = Release|Any CPU
		{5453D1F4-3B4C-47FA-9F4E-C998391274DB}.Release|Any CPU.Build.0 = Release|Any CPU
		{784299B8-CC6C-4108-A04F-0AAC7FE3AF12}.Debug|Any CPU.ActiveCfg = Debug|Any CPU
		{784299B8-CC6C-4108-A04F-0AAC7FE3AF12}.Debug|Any CPU.Build.0 = Debug|Any CPU
		{784299B8-CC6C-4108-A04F-0AAC7FE3AF12}.Release|Any CPU.ActiveCfg = Release|Any CPU
		{784299B8-CC6C-4108-A04F-0AAC7FE3AF12}.Release|Any CPU.Build.0 = Release|Any CPU
		{42C1C32C-A309-48A3-A75C-49C0B52BC361}.Debug|Any CPU.ActiveCfg = Debug|Any CPU
		{42C1C32C-A309-48A3-A75C-49C0B52BC361}.Debug|Any CPU.Build.0 = Debug|Any CPU
		{42C1C32C-A309-48A3-A75C-49C0B52BC361}.Release|Any CPU.ActiveCfg = Release|Any CPU
		{42C1C32C-A309-48A3-A75C-49C0B52BC361}.Release|Any CPU.Build.0 = Release|Any CPU
		{5CEBFAFE-34A4-47FD-AB21-E5E9894C2602}.Debug|Any CPU.ActiveCfg = Debug|Any CPU
		{5CEBFAFE-34A4-47FD-AB21-E5E9894C2602}.Debug|Any CPU.Build.0 = Debug|Any CPU
		{5CEBFAFE-34A4-47FD-AB21-E5E9894C2602}.Release|Any CPU.ActiveCfg = Release|Any CPU
		{5CEBFAFE-34A4-47FD-AB21-E5E9894C2602}.Release|Any CPU.Build.0 = Release|Any CPU
		{34E43781-9E53-4E06-ACA5-CEBD33BDC638}.Debug|Any CPU.ActiveCfg = Debug|Any CPU
		{34E43781-9E53-4E06-ACA5-CEBD33BDC638}.Debug|Any CPU.Build.0 = Debug|Any CPU
		{34E43781-9E53-4E06-ACA5-CEBD33BDC638}.Release|Any CPU.ActiveCfg = Release|Any CPU
		{34E43781-9E53-4E06-ACA5-CEBD33BDC638}.Release|Any CPU.Build.0 = Release|Any CPU
		{12329693-3EDD-4536-A9D5-502FEEAB6943}.Debug|Any CPU.ActiveCfg = Debug|Any CPU
		{12329693-3EDD-4536-A9D5-502FEEAB6943}.Debug|Any CPU.Build.0 = Debug|Any CPU
		{12329693-3EDD-4536-A9D5-502FEEAB6943}.Release|Any CPU.ActiveCfg = Release|Any CPU
		{12329693-3EDD-4536-A9D5-502FEEAB6943}.Release|Any CPU.Build.0 = Release|Any CPU
		{504E6C6A-201B-469C-8EAC-3B2E149E8D29}.Debug|Any CPU.ActiveCfg = Debug|Any CPU
		{504E6C6A-201B-469C-8EAC-3B2E149E8D29}.Debug|Any CPU.Build.0 = Debug|Any CPU
		{504E6C6A-201B-469C-8EAC-3B2E149E8D29}.Release|Any CPU.ActiveCfg = Release|Any CPU
		{504E6C6A-201B-469C-8EAC-3B2E149E8D29}.Release|Any CPU.Build.0 = Release|Any CPU
		{5ACE2A01-E470-4937-A8BF-FA9C23D1E9DF}.Debug|Any CPU.ActiveCfg = Debug|Any CPU
		{5ACE2A01-E470-4937-A8BF-FA9C23D1E9DF}.Debug|Any CPU.Build.0 = Debug|Any CPU
		{5ACE2A01-E470-4937-A8BF-FA9C23D1E9DF}.Release|Any CPU.ActiveCfg = Release|Any CPU
		{5ACE2A01-E470-4937-A8BF-FA9C23D1E9DF}.Release|Any CPU.Build.0 = Release|Any CPU
	EndGlobalSection
	GlobalSection(NestedProjects) = preSolution
		{7D7E162C-9712-44BB-80D3-946B7C144352} = {AA92EECE-26BD-4E82-9486-61314923DD91}
		{76CB2898-3555-44C7-84FC-B073FBE12957} = {AA92EECE-26BD-4E82-9486-61314923DD91}
		{D863661B-CE3D-4FA6-8A44-93E4EEC80F61} = {AA92EECE-26BD-4E82-9486-61314923DD91}
		{68D7E907-E841-41E4-8AE3-856C371D9B29} = {AA92EECE-26BD-4E82-9486-61314923DD91}
		{8C65CDD7-C1B6-49CC-B4E4-46ECA7A94767} = {AA92EECE-26BD-4E82-9486-61314923DD91}
		{C34C0645-A5B9-446C-A638-A407F6E859B8} = {AA92EECE-26BD-4E82-9486-61314923DD91}
		{49821AB2-A906-4F24-BCD9-C0B574E1C6FB} = {AA92EECE-26BD-4E82-9486-61314923DD91}
		{2E830069-C4C7-487D-A047-5DB1CC9D03EF} = {AA92EECE-26BD-4E82-9486-61314923DD91}
		{D9A6E8DA-01B1-4DA2-B441-6EBEF90D9062} = {AA92EECE-26BD-4E82-9486-61314923DD91}
		{C5B35C27-DD25-4628-BDB3-E6A6D14EA27C} = {AA92EECE-26BD-4E82-9486-61314923DD91}
		{DEE469CD-4F03-4780-946F-81C5770EB1C4} = {19B54AF8-BCE0-4143-8AC7-E4DD20A4B27A}
		{DCF7815C-B85C-4DD2-9686-43B94C0C7E5D} = {19B54AF8-BCE0-4143-8AC7-E4DD20A4B27A}
		{54462076-0907-4EA6-8601-1AB3225BE653} = {19B54AF8-BCE0-4143-8AC7-E4DD20A4B27A}
		{F83C77AB-C45C-4C74-BF9B-86282CA8AC22} = {19B54AF8-BCE0-4143-8AC7-E4DD20A4B27A}
		{1F8C049D-5ABE-46B9-9AA6-9D489025200F} = {19B54AF8-BCE0-4143-8AC7-E4DD20A4B27A}
		{42432C86-7DF3-423B-A3C9-DEAD760AD398} = {19B54AF8-BCE0-4143-8AC7-E4DD20A4B27A}
		{D096C6F2-CB0A-41C3-AF9E-0A1872E5B399} = {19B54AF8-BCE0-4143-8AC7-E4DD20A4B27A}
		{E8D95AE5-B28B-4034-8A50-8584BBAB77BF} = {19B54AF8-BCE0-4143-8AC7-E4DD20A4B27A}
		{DD7FC07E-AEAD-4320-8609-382CA1FD2F45} = {19B54AF8-BCE0-4143-8AC7-E4DD20A4B27A}
		{3DAA957A-CA55-404E-ABCD-E75A8D17A308} = {19B54AF8-BCE0-4143-8AC7-E4DD20A4B27A}
		{5453D1F4-3B4C-47FA-9F4E-C998391274DB} = {19B54AF8-BCE0-4143-8AC7-E4DD20A4B27A}
		{784299B8-CC6C-4108-A04F-0AAC7FE3AF12} = {19B54AF8-BCE0-4143-8AC7-E4DD20A4B27A}
		{42C1C32C-A309-48A3-A75C-49C0B52BC361} = {366A8125-9712-4495-8969-F348965D823D}
		{5CEBFAFE-34A4-47FD-AB21-E5E9894C2602} = {AA92EECE-26BD-4E82-9486-61314923DD91}
		{34E43781-9E53-4E06-ACA5-CEBD33BDC638} = {19B54AF8-BCE0-4143-8AC7-E4DD20A4B27A}
		{12329693-3EDD-4536-A9D5-502FEEAB6943} = {19B54AF8-BCE0-4143-8AC7-E4DD20A4B27A}
		{504E6C6A-201B-469C-8EAC-3B2E149E8D29} = {AA92EECE-26BD-4E82-9486-61314923DD91}
		{5ACE2A01-E470-4937-A8BF-FA9C23D1E9DF} = {AA92EECE-26BD-4E82-9486-61314923DD91}
	EndGlobalSection
EndGlobal
